github.com/motki/cli v0.4.0 h1:XHK+XjxtK6i9GFsve0NCyX4Nc4aChgjAYU1+JKIpe0w=
github.com/motki/cli v0.4.0/go.mod h1:Fob51mrmcHbn3VGblYdZz9UK3Ad1bxQLSzkWKryNLmw=
github.com/pkg/errors v0.9.1 h1:FEBLx1zS214owpjy7qsBeixbURkuhQAwrK5UwLGTwt4=
github.com/pkg/errors v0.9.1/go.mod h1:bwawxfHBFNV+L2hUp1rHADufV3IMtnDRdf1r5NINEl0=
github.com/spudtrooper/goutil v0.1.46 h1:zrhuYt9Zghj9BsasdnAHlZUqLKoiwMwKtmtjfnHBDNw=
github.com/spudtrooper/goutil v0.1.46/go.mod h1:ze9pOdJ+H0tlBjiPC84xY7U0gjEveEn5i/qDX3iGbio=
github.com/thomaso-mirodin/intmath v0.0.0-20160323211736-5dc6d854e46e h1:cR8/SYRgyQCt5cNCMniB/ZScMkhI9nk8U5C7SbISXjo=
github.com/thomaso-mirodin/intmath v0.0.0-20160323211736-5dc6d854e46e/go.mod h1:Tu4lItkATkonrYuvtVjG0/rhy15qrNGNTjPdaphtZ/8=
